
Microsoft Visual Studio Solution File, Format Version 12.00
# Visual Studio 15
VisualStudioVersion = 15.0.27703.2026
MinimumVisualStudioVersion = 10.0.40219.1
Project("{FAE04EC0-301F-11D3-BF4B-00C04F79EFBC}") = "XamarinNavigationTest.Android", "XamarinNavigationTest\XamarinNavigationTest.Android\XamarinNavigationTest.Android.csproj", "{EEA904B1-9629-4597-AD0C-C95BBB32B1ED}"
EndProject
Project("{FAE04EC0-301F-11D3-BF4B-00C04F79EFBC}") = "XamarinNavigationTest.iOS", "XamarinNavigationTest\XamarinNavigationTest.iOS\XamarinNavigationTest.iOS.csproj", "{A611358E-61B5-4FC3-A73D-E607A22A091E}"
EndProject
Project("{D954291E-2A0B-460D-934E-DC6B0785DB48}") = "XamarinNavigationTest", "XamarinNavigationTest\XamarinNavigationTest\XamarinNavigationTest.shproj", "{A119BCB3-8566-4B28-BBEF-E6DF3820896F}"
EndProject
Global
	GlobalSection(SharedMSBuildProjectFiles) = preSolution
		XamarinNavigationTest\XamarinNavigationTest\XamarinNavigationTest.projitems*{a119bcb3-8566-4b28-bbef-e6df3820896f}*SharedItemsImports = 13
		XamarinNavigationTest\XamarinNavigationTest\XamarinNavigationTest.projitems*{a611358e-61b5-4fc3-a73d-e607a22a091e}*SharedItemsImports = 4
		XamarinNavigationTest\XamarinNavigationTest\XamarinNavigationTest.projitems*{eea904b1-9629-4597-ad0c-c95bbb32b1ed}*SharedItemsImports = 4
	EndGlobalSection
	GlobalSection(SolutionConfigurationPlatforms) = preSolution
		Ad-Hoc|Any CPU = Ad-Hoc|Any CPU
		Ad-Hoc|iPhone = Ad-Hoc|iPhone
		Ad-Hoc|iPhoneSimulator = Ad-Hoc|iPhoneSimulator
		AppStore|Any CPU = AppStore|Any CPU
		AppStore|iPhone = AppStore|iPhone
		AppStore|iPhoneSimulator = AppStore|iPhoneSimulator
		Debug|Any CPU = Debug|Any CPU
		Debug|iPhone = Debug|iPhone
		Debug|iPhoneSimulator = Debug|iPhoneSimulator
		Release|Any CPU = Release|Any CPU
		Release|iPhone = Release|iPhone
		Release|iPhoneSimulator = Release|iPhoneSimulator
	EndGlobalSection
	GlobalSection(ProjectConfigurationPlatforms) = postSolution
		{EEA904B1-9629-4597-AD0C-C95BBB32B1ED}.Ad-Hoc|Any CPU.ActiveCfg = Release|Any CPU
		{EEA904B1-9629-4597-AD0C-C95BBB32B1ED}.Ad-Hoc|Any CPU.Build.0 = Release|Any CPU
		{EEA904B1-9629-4597-AD0C-C95BBB32B1ED}.Ad-Hoc|Any CPU.Deploy.0 = Release|Any CPU
		{EEA904B1-9629-4597-AD0C-C95BBB32B1ED}.Ad-Hoc|iPhone.ActiveCfg = Release|Any CPU
		{EEA904B1-9629-4597-AD0C-C95BBB32B1ED}.Ad-Hoc|iPhone.Build.0 = Release|Any CPU
		{EEA904B1-9629-4597-AD0C-C95BBB32B1ED}.Ad-Hoc|iPhone.Deploy.0 = Release|Any CPU
		{EEA904B1-9629-4597-AD0C-C95BBB32B1ED}.Ad-Hoc|iPhoneSimulator.ActiveCfg = Release|Any CPU
		{EEA904B1-9629-4597-AD0C-C95BBB32B1ED}.Ad-Hoc|iPhoneSimulator.Build.0 = Release|Any CPU
		{EEA904B1-9629-4597-AD0C-C95BBB32B1ED}.Ad-Hoc|iPhoneSimulator.Deploy.0 = Release|Any CPU
		{EEA904B1-9629-4597-AD0C-C95BBB32B1ED}.AppStore|Any CPU.ActiveCfg = Release|Any CPU
		{EEA904B1-9629-4597-AD0C-C95BBB32B1ED}.AppStore|Any CPU.Build.0 = Release|Any CPU
		{EEA904B1-9629-4597-AD0C-C95BBB32B1ED}.AppStore|Any CPU.Deploy.0 = Release|Any CPU
		{EEA904B1-9629-4597-AD0C-C95BBB32B1ED}.AppStore|iPhone.ActiveCfg = Release|Any CPU
		{EEA904B1-9629-4597-AD0C-C95BBB32B1ED}.AppStore|iPhone.Build.0 = Release|Any CPU
		{EEA904B1-9629-4597-AD0C-C95BBB32B1ED}.AppStore|iPhone.Deploy.0 = Release|Any CPU
		{EEA904B1-9629-4597-AD0C-C95BBB32B1ED}.AppStore|iPhoneSimulator.ActiveCfg = Release|Any CPU
		{EEA904B1-9629-4597-AD0C-C95BBB32B1ED}.AppStore|iPhoneSimulator.Build.0 = Release|Any CPU
		{EEA904B1-9629-4597-AD0C-C95BBB32B1ED}.AppStore|iPhoneSimulator.Deploy.0 = Release|Any CPU
		{EEA904B1-9629-4597-AD0C-C95BBB32B1ED}.Debug|Any CPU.ActiveCfg = Debug|Any CPU
		{EEA904B1-9629-4597-AD0C-C95BBB32B1ED}.Debug|Any CPU.Build.0 = Debug|Any CPU
		{EEA904B1-9629-4597-AD0C-C95BBB32B1ED}.Debug|Any CPU.Deploy.0 = Debug|Any CPU
		{EEA904B1-9629-4597-AD0C-C95BBB32B1ED}.Debug|iPhone.ActiveCfg = Debug|Any CPU
		{EEA904B1-9629-4597-AD0C-C95BBB32B1ED}.Debug|iPhone.Build.0 = Debug|Any CPU
		{EEA904B1-9629-4597-AD0C-C95BBB32B1ED}.Debug|iPhone.Deploy.0 = Debug|Any CPU
		{EEA904B1-9629-4597-AD0C-C95BBB32B1ED}.Debug|iPhoneSimulator.ActiveCfg = Debug|Any CPU
		{EEA904B1-9629-4597-AD0C-C95BBB32B1ED}.Debug|iPhoneSimulator.Build.0 = Debug|Any CPU
		{EEA904B1-9629-4597-AD0C-C95BBB32B1ED}.Debug|iPhoneSimulator.Deploy.0 = Debug|Any CPU
		{EEA904B1-9629-4597-AD0C-C95BBB32B1ED}.Release|Any CPU.ActiveCfg = Release|Any CPU
		{EEA904B1-9629-4597-AD0C-C95BBB32B1ED}.Release|Any CPU.Build.0 = Release|Any CPU
		{EEA904B1-9629-4597-AD0C-C95BBB32B1ED}.Release|Any CPU.Deploy.0 = Release|Any CPU
		{EEA904B1-9629-4597-AD0C-C95BBB32B1ED}.Release|iPhone.ActiveCfg = Release|Any CPU
		{EEA904B1-9629-4597-AD0C-C95BBB32B1ED}.Release|iPhone.Build.0 = Release|Any CPU
		{EEA904B1-9629-4597-AD0C-C95BBB32B1ED}.Release|iPhone.Deploy.0 = Release|Any CPU
		{EEA904B1-9629-4597-AD0C-C95BBB32B1ED}.Release|iPhoneSimulator.ActiveCfg = Release|Any CPU
		{EEA904B1-9629-4597-AD0C-C95BBB32B1ED}.Release|iPhoneSimulator.Build.0 = Release|Any CPU
		{EEA904B1-9629-4597-AD0C-C95BBB32B1ED}.Release|iPhoneSimulator.Deploy.0 = Release|Any CPU
		{A611358E-61B5-4FC3-A73D-E607A22A091E}.Ad-Hoc|Any CPU.ActiveCfg = Ad-Hoc|iPhone
		{A611358E-61B5-4FC3-A73D-E607A22A091E}.Ad-Hoc|Any CPU.Build.0 = Ad-Hoc|iPhone
		{A611358E-61B5-4FC3-A73D-E607A22A091E}.Ad-Hoc|Any CPU.Deploy.0 = Ad-Hoc|iPhone
		{A611358E-61B5-4FC3-A73D-E607A22A091E}.Ad-Hoc|iPhone.ActiveCfg = Ad-Hoc|iPhone
		{A611358E-61B5-4FC3-A73D-E607A22A091E}.Ad-Hoc|iPhone.Build.0 = Ad-Hoc|iPhone
		{A611358E-61B5-4FC3-A73D-E607A22A091E}.Ad-Hoc|iPhone.Deploy.0 = Ad-Hoc|iPhone
		{A611358E-61B5-4FC3-A73D-E607A22A091E}.Ad-Hoc|iPhoneSimulator.ActiveCfg = Ad-Hoc|iPhoneSimulator
		{A611358E-61B5-4FC3-A73D-E607A22A091E}.Ad-Hoc|iPhoneSimulator.Build.0 = Ad-Hoc|iPhoneSimulator
		{A611358E-61B5-4FC3-A73D-E607A22A091E}.Ad-Hoc|iPhoneSimulator.Deploy.0 = Ad-Hoc|iPhoneSimulator
		{A611358E-61B5-4FC3-A73D-E607A22A091E}.AppStore|Any CPU.ActiveCfg = AppStore|iPhone
		{A611358E-61B5-4FC3-A73D-E607A22A091E}.AppStore|Any CPU.Build.0 = AppStore|iPhone
		{A611358E-61B5-4FC3-A73D-E607A22A091E}.AppStore|Any CPU.Deploy.0 = AppStore|iPhone
		{A611358E-61B5-4FC3-A73D-E607A22A091E}.AppStore|iPhone.ActiveCfg = AppStore|iPhone
		{A611358E-61B5-4FC3-A73D-E607A22A091E}.AppStore|iPhone.Build.0 = AppStore|iPhone
		{A611358E-61B5-4FC3-A73D-E607A22A091E}.AppStore|iPhone.Deploy.0 = AppStore|iPhone
		{A611358E-61B5-4FC3-A73D-E607A22A091E}.AppStore|iPhoneSimulator.ActiveCfg = AppStore|iPhoneSimulator
		{A611358E-61B5-4FC3-A73D-E607A22A091E}.AppStore|iPhoneSimulator.Build.0 = AppStore|iPhoneSimulator
		{A611358E-61B5-4FC3-A73D-E607A22A091E}.AppStore|iPhoneSimulator.Deploy.0 = AppStore|iPhoneSimulator
		{A611358E-61B5-4FC3-A73D-E607A22A091E}.Debug|Any CPU.ActiveCfg = Debug|iPhoneSimulator
		{A611358E-61B5-4FC3-A73D-E607A22A091E}.Debug|Any CPU.Build.0 = Debug|iPhoneSimulator
		{A611358E-61B5-4FC3-A73D-E607A22A091E}.Debug|Any CPU.Deploy.0 = Debug|iPhoneSimulator
		{A611358E-61B5-4FC3-A73D-E607A22A091E}.Debug|iPhone.ActiveCfg = Debug|iPhone
		{A611358E-61B5-4FC3-A73D-E607A22A091E}.Debug|iPhone.Build.0 = Debug|iPhone
		{A611358E-61B5-4FC3-A73D-E607A22A091E}.Debug|iPhone.Deploy.0 = Debug|iPhone
		{A611358E-61B5-4FC3-A73D-E607A22A091E}.Debug|iPhoneSimulator.ActiveCfg = Debug|iPhoneSimulator
		{A611358E-61B5-4FC3-A73D-E607A22A091E}.Debug|iPhoneSimulator.Build.0 = Debug|iPhoneSimulator
		{A611358E-61B5-4FC3-A73D-E607A22A091E}.Debug|iPhoneSimulator.Deploy.0 = Debug|iPhoneSimulator
		{A611358E-61B5-4FC3-A73D-E607A22A091E}.Release|Any CPU.ActiveCfg = Release|iPhone
		{A611358E-61B5-4FC3-A73D-E607A22A091E}.Release|Any CPU.Build.0 = Release|iPhone
		{A611358E-61B5-4FC3-A73D-E607A22A091E}.Release|Any CPU.Deploy.0 = Release|iPhone
		{A611358E-61B5-4FC3-A73D-E607A22A091E}.Release|iPhone.ActiveCfg = Release|iPhone
		{A611358E-61B5-4FC3-A73D-E607A22A091E}.Release|iPhone.Build.0 = Release|iPhone
		{A611358E-61B5-4FC3-A73D-E607A22A091E}.Release|iPhone.Deploy.0 = Release|iPhone
		{A611358E-61B5-4FC3-A73D-E607A22A091E}.Release|iPhoneSimulator.ActiveCfg = Release|iPhoneSimulator
		{A611358E-61B5-4FC3-A73D-E607A22A091E}.Release|iPhoneSimulator.Build.0 = Release|iPhoneSimulator
		{A611358E-61B5-4FC3-A73D-E607A22A091E}.Release|iPhoneSimulator.Deploy.0 = Release|iPhoneSimulator
	EndGlobalSection
	GlobalSection(SolutionProperties) = preSolution
		HideSolutionNode = FALSE
	EndGlobalSection
	GlobalSection(ExtensibilityGlobals) = postSolution
		SolutionGuid = {98E57CDF-E5F5-417C-910D-6E7FA240E1D7}
	EndGlobalSection
EndGlobal
